
Microsoft Visual Studio Solution File, Format Version 12.00
# Visual Studio 15
VisualStudioVersion = 15.0.27703.2042
MinimumVisualStudioVersion = 10.0.40219.1
Project("{FAE04EC0-301F-11D3-BF4B-00C04F79EFBC}") = "异步读取毒品", "异步读取毒品\异步读取毒品.csproj", "{3BA88438-1184-4FDC-B7F7-107A988C218A}"
EndProject
Global
	GlobalSection(SolutionConfigurationPlatforms) = preSolution
		Debug|Any CPU = Debug|Any CPU
		Release|Any CPU = Release|Any CPU
	EndGlobalSection
	GlobalSection(ProjectConfigurationPlatforms) = postSolution
		{3BA88438-1184-4FDC-B7F7-107A988C218A}.Debug|Any CPU.ActiveCfg = Debug|Any CPU
		{3BA88438-1184-4FDC-B7F7-107A988C218A}.Debug|Any CPU.Build.0 = Debug|Any CPU
		{3BA88438-1184-4FDC-B7F7-107A988C218A}.Release|Any CPU.ActiveCfg = Release|Any CPU
		{3BA88438-1184-4FDC-B7F7-107A988C218A}.Release|Any CPU.Build.0 = Release|Any CPU
	EndGlobalSection
	GlobalSection(SolutionProperties) = preSolution
		HideSolutionNode = FALSE
	EndGlobalSection
	GlobalSection(ExtensibilityGlobals) = postSolution
		SolutionGuid = {F329871F-B1A8-471F-8759-A0AFE8D53090}
	EndGlobalSection
EndGlobal
