
Microsoft Visual Studio Solution File, Format Version 12.00
# Visual Studio 15
VisualStudioVersion = 15.0.27703.2018
MinimumVisualStudioVersion = 10.0.40219.1
Project("{FAE04EC0-301F-11D3-BF4B-00C04F79EFBC}") = "ArrayList练习", "ArrayList练习\ArrayList练习.csproj", "{73AAE63C-2070-4164-9CCD-C531A85F74F7}"
EndProject
Global
	GlobalSection(SolutionConfigurationPlatforms) = preSolution
		Debug|Any CPU = Debug|Any CPU
		Release|Any CPU = Release|Any CPU
	EndGlobalSection
	GlobalSection(ProjectConfigurationPlatforms) = postSolution
		{73AAE63C-2070-4164-9CCD-C531A85F74F7}.Debug|Any CPU.ActiveCfg = Debug|Any CPU
		{73AAE63C-2070-4164-9CCD-C531A85F74F7}.Debug|Any CPU.Build.0 = Debug|Any CPU
		{73AAE63C-2070-4164-9CCD-C531A85F74F7}.Release|Any CPU.ActiveCfg = Release|Any CPU
		{73AAE63C-2070-4164-9CCD-C531A85F74F7}.Release|Any CPU.Build.0 = Release|Any CPU
	EndGlobalSection
	GlobalSection(SolutionProperties) = preSolution
		HideSolutionNode = FALSE
	EndGlobalSection
	GlobalSection(ExtensibilityGlobals) = postSolution
		SolutionGuid = {B3AA08FC-5F21-4A0E-9E6E-30AEA4EB0285}
	EndGlobalSection
EndGlobal
