
Microsoft Visual Studio Solution File, Format Version 12.00
# Visual Studio 15
VisualStudioVersion = 15.0.27703.2042
MinimumVisualStudioVersion = 10.0.40219.1
Project("{FAE04EC0-301F-11D3-BF4B-00C04F79EFBC}") = "Z顺序", "Z顺序\Z顺序.csproj", "{9BF962FA-2A89-48E8-ACCD-400AA6664637}"
EndProject
Global
	GlobalSection(SolutionConfigurationPlatforms) = preSolution
		Debug|Any CPU = Debug|Any CPU
		Release|Any CPU = Release|Any CPU
	EndGlobalSection
	GlobalSection(ProjectConfigurationPlatforms) = postSolution
		{9BF962FA-2A89-48E8-ACCD-400AA6664637}.Debug|Any CPU.ActiveCfg = Debug|Any CPU
		{9BF962FA-2A89-48E8-ACCD-400AA6664637}.Debug|Any CPU.Build.0 = Debug|Any CPU
		{9BF962FA-2A89-48E8-ACCD-400AA6664637}.Release|Any CPU.ActiveCfg = Release|Any CPU
		{9BF962FA-2A89-48E8-ACCD-400AA6664637}.Release|Any CPU.Build.0 = Release|Any CPU
	EndGlobalSection
	GlobalSection(SolutionProperties) = preSolution
		HideSolutionNode = FALSE
	EndGlobalSection
	GlobalSection(ExtensibilityGlobals) = postSolution
		SolutionGuid = {461209E5-BE05-4AD3-9083-C3B0582C93DE}
	EndGlobalSection
EndGlobal
