
Microsoft Visual Studio Solution File, Format Version 12.00
# Visual Studio 15
VisualStudioVersion = 15.0.27703.2042
MinimumVisualStudioVersion = 10.0.40219.1
Project("{FAE04EC0-301F-11D3-BF4B-00C04F79EFBC}") = "WindowsFormsApp4", "WindowsFormsApp4\WindowsFormsApp4.csproj", "{C753E955-434C-465B-AE70-5E5233ABE930}"
EndProject
Global
	GlobalSection(SolutionConfigurationPlatforms) = preSolution
		Debug|Any CPU = Debug|Any CPU
		Release|Any CPU = Release|Any CPU
	EndGlobalSection
	GlobalSection(ProjectConfigurationPlatforms) = postSolution
		{C753E955-434C-465B-AE70-5E5233ABE930}.Debug|Any CPU.ActiveCfg = Debug|Any CPU
		{C753E955-434C-465B-AE70-5E5233ABE930}.Debug|Any CPU.Build.0 = Debug|Any CPU
		{C753E955-434C-465B-AE70-5E5233ABE930}.Release|Any CPU.ActiveCfg = Release|Any CPU
		{C753E955-434C-465B-AE70-5E5233ABE930}.Release|Any CPU.Build.0 = Release|Any CPU
	EndGlobalSection
	GlobalSection(SolutionProperties) = preSolution
		HideSolutionNode = FALSE
	EndGlobalSection
	GlobalSection(ExtensibilityGlobals) = postSolution
		SolutionGuid = {E1E1345D-5EE2-4CE5-8856-83DE25A32534}
	EndGlobalSection
EndGlobal
