
Microsoft Visual Studio Solution File, Format Version 12.00
# Visual Studio 15
VisualStudioVersion = 15.0.27703.2042
MinimumVisualStudioVersion = 10.0.40219.1
Project("{FAE04EC0-301F-11D3-BF4B-00C04F79EFBC}") = "写入txt及读取txt", "写入txt及读取txt\写入txt及读取txt.csproj", "{9B43F5EE-8DA4-4411-BDC1-2361D6BD34E4}"
EndProject
Global
	GlobalSection(SolutionConfigurationPlatforms) = preSolution
		Debug|Any CPU = Debug|Any CPU
		Release|Any CPU = Release|Any CPU
	EndGlobalSection
	GlobalSection(ProjectConfigurationPlatforms) = postSolution
		{9B43F5EE-8DA4-4411-BDC1-2361D6BD34E4}.Debug|Any CPU.ActiveCfg = Debug|Any CPU
		{9B43F5EE-8DA4-4411-BDC1-2361D6BD34E4}.Debug|Any CPU.Build.0 = Debug|Any CPU
		{9B43F5EE-8DA4-4411-BDC1-2361D6BD34E4}.Release|Any CPU.ActiveCfg = Release|Any CPU
		{9B43F5EE-8DA4-4411-BDC1-2361D6BD34E4}.Release|Any CPU.Build.0 = Release|Any CPU
	EndGlobalSection
	GlobalSection(SolutionProperties) = preSolution
		HideSolutionNode = FALSE
	EndGlobalSection
	GlobalSection(ExtensibilityGlobals) = postSolution
		SolutionGuid = {3C0647EF-EE87-4887-910F-29B5C5510BB2}
	EndGlobalSection
EndGlobal
