
Microsoft Visual Studio Solution File, Format Version 12.00
# Visual Studio 15
VisualStudioVersion = 15.0.27703.2042
MinimumVisualStudioVersion = 10.0.40219.1
Project("{FAE04EC0-301F-11D3-BF4B-00C04F79EFBC}") = "ComboBox控件", "ComboBox控件\ComboBox控件.csproj", "{7E2F6A1A-1110-4194-91B7-F954FC0E89A5}"
EndProject
Global
	GlobalSection(SolutionConfigurationPlatforms) = preSolution
		Debug|Any CPU = Debug|Any CPU
		Release|Any CPU = Release|Any CPU
	EndGlobalSection
	GlobalSection(ProjectConfigurationPlatforms) = postSolution
		{7E2F6A1A-1110-4194-91B7-F954FC0E89A5}.Debug|Any CPU.ActiveCfg = Debug|Any CPU
		{7E2F6A1A-1110-4194-91B7-F954FC0E89A5}.Debug|Any CPU.Build.0 = Debug|Any CPU
		{7E2F6A1A-1110-4194-91B7-F954FC0E89A5}.Release|Any CPU.ActiveCfg = Release|Any CPU
		{7E2F6A1A-1110-4194-91B7-F954FC0E89A5}.Release|Any CPU.Build.0 = Release|Any CPU
	EndGlobalSection
	GlobalSection(SolutionProperties) = preSolution
		HideSolutionNode = FALSE
	EndGlobalSection
	GlobalSection(ExtensibilityGlobals) = postSolution
		SolutionGuid = {EAE385B7-C6E0-48BA-81BF-6650F8B120A0}
	EndGlobalSection
EndGlobal
