
Microsoft Visual Studio Solution File, Format Version 12.00
# Visual Studio 15
VisualStudioVersion = 15.0.27703.2042
MinimumVisualStudioVersion = 10.0.40219.1
Project("{8BC9CEB8-8B4A-11D0-8D11-00A0C91BC942}") = "单链表", "单链表\单链表.vcxproj", "{A663290C-6F33-4DEE-B570-C9E513E83E92}"
EndProject
Global
	GlobalSection(SolutionConfigurationPlatforms) = preSolution
		Debug|x64 = Debug|x64
		Debug|x86 = Debug|x86
		Release|x64 = Release|x64
		Release|x86 = Release|x86
	EndGlobalSection
	GlobalSection(ProjectConfigurationPlatforms) = postSolution
		{A663290C-6F33-4DEE-B570-C9E513E83E92}.Debug|x64.ActiveCfg = Debug|x64
		{A663290C-6F33-4DEE-B570-C9E513E83E92}.Debug|x64.Build.0 = Debug|x64
		{A663290C-6F33-4DEE-B570-C9E513E83E92}.Debug|x86.ActiveCfg = Debug|Win32
		{A663290C-6F33-4DEE-B570-C9E513E83E92}.Debug|x86.Build.0 = Debug|Win32
		{A663290C-6F33-4DEE-B570-C9E513E83E92}.Release|x64.ActiveCfg = Release|x64
		{A663290C-6F33-4DEE-B570-C9E513E83E92}.Release|x64.Build.0 = Release|x64
		{A663290C-6F33-4DEE-B570-C9E513E83E92}.Release|x86.ActiveCfg = Release|Win32
		{A663290C-6F33-4DEE-B570-C9E513E83E92}.Release|x86.Build.0 = Release|Win32
	EndGlobalSection
	GlobalSection(SolutionProperties) = preSolution
		HideSolutionNode = FALSE
	EndGlobalSection
	GlobalSection(ExtensibilityGlobals) = postSolution
		SolutionGuid = {A81DD08B-1E05-468F-B188-A04715C2E5D2}
	EndGlobalSection
EndGlobal
