
Microsoft Visual Studio Solution File, Format Version 12.00
# Visual Studio 15
VisualStudioVersion = 15.0.27703.2042
MinimumVisualStudioVersion = 10.0.40219.1
Project("{FAE04EC0-301F-11D3-BF4B-00C04F79EFBC}") = "共享事件处理程序", "共享事件处理程序\共享事件处理程序.csproj", "{AE492A33-7D82-4D95-8BEF-1545B0530BE3}"
EndProject
Global
	GlobalSection(SolutionConfigurationPlatforms) = preSolution
		Debug|Any CPU = Debug|Any CPU
		Release|Any CPU = Release|Any CPU
	EndGlobalSection
	GlobalSection(ProjectConfigurationPlatforms) = postSolution
		{AE492A33-7D82-4D95-8BEF-1545B0530BE3}.Debug|Any CPU.ActiveCfg = Debug|Any CPU
		{AE492A33-7D82-4D95-8BEF-1545B0530BE3}.Debug|Any CPU.Build.0 = Debug|Any CPU
		{AE492A33-7D82-4D95-8BEF-1545B0530BE3}.Release|Any CPU.ActiveCfg = Release|Any CPU
		{AE492A33-7D82-4D95-8BEF-1545B0530BE3}.Release|Any CPU.Build.0 = Release|Any CPU
	EndGlobalSection
	GlobalSection(SolutionProperties) = preSolution
		HideSolutionNode = FALSE
	EndGlobalSection
	GlobalSection(ExtensibilityGlobals) = postSolution
		SolutionGuid = {12684963-D83D-46EE-826D-B0AB6BF8106B}
	EndGlobalSection
EndGlobal
