
Microsoft Visual Studio Solution File, Format Version 12.00
# Visual Studio 15
VisualStudioVersion = 15.0.27703.2042
MinimumVisualStudioVersion = 10.0.40219.1
Project("{FAE04EC0-301F-11D3-BF4B-00C04F79EFBC}") = "复杂对象列表箱子", "复杂对象列表箱子\复杂对象列表箱子.csproj", "{0F2A1530-C5F3-43A4-9BFD-7FC7C2DA9CEA}"
EndProject
Global
	GlobalSection(SolutionConfigurationPlatforms) = preSolution
		Debug|Any CPU = Debug|Any CPU
		Release|Any CPU = Release|Any CPU
	EndGlobalSection
	GlobalSection(ProjectConfigurationPlatforms) = postSolution
		{0F2A1530-C5F3-43A4-9BFD-7FC7C2DA9CEA}.Debug|Any CPU.ActiveCfg = Debug|Any CPU
		{0F2A1530-C5F3-43A4-9BFD-7FC7C2DA9CEA}.Debug|Any CPU.Build.0 = Debug|Any CPU
		{0F2A1530-C5F3-43A4-9BFD-7FC7C2DA9CEA}.Release|Any CPU.ActiveCfg = Release|Any CPU
		{0F2A1530-C5F3-43A4-9BFD-7FC7C2DA9CEA}.Release|Any CPU.Build.0 = Release|Any CPU
	EndGlobalSection
	GlobalSection(SolutionProperties) = preSolution
		HideSolutionNode = FALSE
	EndGlobalSection
	GlobalSection(ExtensibilityGlobals) = postSolution
		SolutionGuid = {5346FBC2-912A-4355-BABF-8028C318BF7F}
	EndGlobalSection
EndGlobal
