
Microsoft Visual Studio Solution File, Format Version 12.00
# Visual Studio 15
VisualStudioVersion = 15.0.27703.2042
MinimumVisualStudioVersion = 10.0.40219.1
Project("{FAE04EC0-301F-11D3-BF4B-00C04F79EFBC}") = "菜单栏", "菜单栏\菜单栏.csproj", "{FCE2E527-5FF6-439E-BE3A-CC23771A2774}"
EndProject
Global
	GlobalSection(SolutionConfigurationPlatforms) = preSolution
		Debug|Any CPU = Debug|Any CPU
		Release|Any CPU = Release|Any CPU
	EndGlobalSection
	GlobalSection(ProjectConfigurationPlatforms) = postSolution
		{FCE2E527-5FF6-439E-BE3A-CC23771A2774}.Debug|Any CPU.ActiveCfg = Debug|Any CPU
		{FCE2E527-5FF6-439E-BE3A-CC23771A2774}.Debug|Any CPU.Build.0 = Debug|Any CPU
		{FCE2E527-5FF6-439E-BE3A-CC23771A2774}.Release|Any CPU.ActiveCfg = Release|Any CPU
		{FCE2E527-5FF6-439E-BE3A-CC23771A2774}.Release|Any CPU.Build.0 = Release|Any CPU
	EndGlobalSection
	GlobalSection(SolutionProperties) = preSolution
		HideSolutionNode = FALSE
	EndGlobalSection
	GlobalSection(ExtensibilityGlobals) = postSolution
		SolutionGuid = {759333AA-3E63-4FE3-BC73-D413CEB8B448}
	EndGlobalSection
EndGlobal
