
Microsoft Visual Studio Solution File, Format Version 12.00
# Visual Studio 15
VisualStudioVersion = 15.0.27703.2042
MinimumVisualStudioVersion = 10.0.40219.1
Project("{FAE04EC0-301F-11D3-BF4B-00C04F79EFBC}") = "ThreadLocal变量", "ThreadLocal变量\ThreadLocal变量.csproj", "{257B3E09-A0E4-4066-B315-7CC3306EE419}"
EndProject
Global
	GlobalSection(SolutionConfigurationPlatforms) = preSolution
		Debug|Any CPU = Debug|Any CPU
		Release|Any CPU = Release|Any CPU
	EndGlobalSection
	GlobalSection(ProjectConfigurationPlatforms) = postSolution
		{257B3E09-A0E4-4066-B315-7CC3306EE419}.Debug|Any CPU.ActiveCfg = Debug|Any CPU
		{257B3E09-A0E4-4066-B315-7CC3306EE419}.Debug|Any CPU.Build.0 = Debug|Any CPU
		{257B3E09-A0E4-4066-B315-7CC3306EE419}.Release|Any CPU.ActiveCfg = Release|Any CPU
		{257B3E09-A0E4-4066-B315-7CC3306EE419}.Release|Any CPU.Build.0 = Release|Any CPU
	EndGlobalSection
	GlobalSection(SolutionProperties) = preSolution
		HideSolutionNode = FALSE
	EndGlobalSection
	GlobalSection(ExtensibilityGlobals) = postSolution
		SolutionGuid = {3B5FC7F0-333A-4176-B952-DEF3998B56C4}
	EndGlobalSection
EndGlobal
