
Microsoft Visual Studio Solution File, Format Version 12.00
# Visual Studio 15
VisualStudioVersion = 15.0.27703.2042
MinimumVisualStudioVersion = 10.0.40219.1
Project("{8BC9CEB8-8B4A-11D0-8D11-00A0C91BC942}") = "单循环链表", "单循环链表\单循环链表.vcxproj", "{529A8CC8-3896-4A70-9C36-A86C780C2A5F}"
EndProject
Global
	GlobalSection(SolutionConfigurationPlatforms) = preSolution
		Debug|x64 = Debug|x64
		Debug|x86 = Debug|x86
		Release|x64 = Release|x64
		Release|x86 = Release|x86
	EndGlobalSection
	GlobalSection(ProjectConfigurationPlatforms) = postSolution
		{529A8CC8-3896-4A70-9C36-A86C780C2A5F}.Debug|x64.ActiveCfg = Debug|x64
		{529A8CC8-3896-4A70-9C36-A86C780C2A5F}.Debug|x64.Build.0 = Debug|x64
		{529A8CC8-3896-4A70-9C36-A86C780C2A5F}.Debug|x86.ActiveCfg = Debug|Win32
		{529A8CC8-3896-4A70-9C36-A86C780C2A5F}.Debug|x86.Build.0 = Debug|Win32
		{529A8CC8-3896-4A70-9C36-A86C780C2A5F}.Release|x64.ActiveCfg = Release|x64
		{529A8CC8-3896-4A70-9C36-A86C780C2A5F}.Release|x64.Build.0 = Release|x64
		{529A8CC8-3896-4A70-9C36-A86C780C2A5F}.Release|x86.ActiveCfg = Release|Win32
		{529A8CC8-3896-4A70-9C36-A86C780C2A5F}.Release|x86.Build.0 = Release|Win32
	EndGlobalSection
	GlobalSection(SolutionProperties) = preSolution
		HideSolutionNode = FALSE
	EndGlobalSection
	GlobalSection(ExtensibilityGlobals) = postSolution
		SolutionGuid = {42186122-9001-4BA1-81F5-D1475584195F}
	EndGlobalSection
EndGlobal
