
Microsoft Visual Studio Solution File, Format Version 12.00
# Visual Studio 15
VisualStudioVersion = 15.0.27703.2018
MinimumVisualStudioVersion = 10.0.40219.1
Project("{FAE04EC0-301F-11D3-BF4B-00C04F79EFBC}") = "ConsoleApp8", "ConsoleApp8\ConsoleApp8.csproj", "{C050C5FC-2C90-43AB-AA88-A7E1DC859CBB}"
EndProject
Global
	GlobalSection(SolutionConfigurationPlatforms) = preSolution
		Debug|Any CPU = Debug|Any CPU
		Release|Any CPU = Release|Any CPU
	EndGlobalSection
	GlobalSection(ProjectConfigurationPlatforms) = postSolution
		{C050C5FC-2C90-43AB-AA88-A7E1DC859CBB}.Debug|Any CPU.ActiveCfg = Debug|Any CPU
		{C050C5FC-2C90-43AB-AA88-A7E1DC859CBB}.Debug|Any CPU.Build.0 = Debug|Any CPU
		{C050C5FC-2C90-43AB-AA88-A7E1DC859CBB}.Release|Any CPU.ActiveCfg = Release|Any CPU
		{C050C5FC-2C90-43AB-AA88-A7E1DC859CBB}.Release|Any CPU.Build.0 = Release|Any CPU
	EndGlobalSection
	GlobalSection(SolutionProperties) = preSolution
		HideSolutionNode = FALSE
	EndGlobalSection
	GlobalSection(ExtensibilityGlobals) = postSolution
		SolutionGuid = {FC93A42F-6080-4FA5-92A8-6ED5ADE5E365}
	EndGlobalSection
EndGlobal
