
Microsoft Visual Studio Solution File, Format Version 12.00
# Visual Studio 15
VisualStudioVersion = 15.0.27703.2018
MinimumVisualStudioVersion = 10.0.40219.1
Project("{FAE04EC0-301F-11D3-BF4B-00C04F79EFBC}") = "App1", "App1\App1.csproj", "{0A370502-BA0C-44C9-9970-A913EAC96DA3}"
EndProject
Global
	GlobalSection(SolutionConfigurationPlatforms) = preSolution
		Debug|ARM = Debug|ARM
		Debug|x64 = Debug|x64
		Debug|x86 = Debug|x86
		Release|ARM = Release|ARM
		Release|x64 = Release|x64
		Release|x86 = Release|x86
	EndGlobalSection
	GlobalSection(ProjectConfigurationPlatforms) = postSolution
		{0A370502-BA0C-44C9-9970-A913EAC96DA3}.Debug|ARM.ActiveCfg = Debug|ARM
		{0A370502-BA0C-44C9-9970-A913EAC96DA3}.Debug|ARM.Build.0 = Debug|ARM
		{0A370502-BA0C-44C9-9970-A913EAC96DA3}.Debug|ARM.Deploy.0 = Debug|ARM
		{0A370502-BA0C-44C9-9970-A913EAC96DA3}.Debug|x64.ActiveCfg = Debug|x64
		{0A370502-BA0C-44C9-9970-A913EAC96DA3}.Debug|x64.Build.0 = Debug|x64
		{0A370502-BA0C-44C9-9970-A913EAC96DA3}.Debug|x64.Deploy.0 = Debug|x64
		{0A370502-BA0C-44C9-9970-A913EAC96DA3}.Debug|x86.ActiveCfg = Debug|x86
		{0A370502-BA0C-44C9-9970-A913EAC96DA3}.Debug|x86.Build.0 = Debug|x86
		{0A370502-BA0C-44C9-9970-A913EAC96DA3}.Debug|x86.Deploy.0 = Debug|x86
		{0A370502-BA0C-44C9-9970-A913EAC96DA3}.Release|ARM.ActiveCfg = Release|ARM
		{0A370502-BA0C-44C9-9970-A913EAC96DA3}.Release|ARM.Build.0 = Release|ARM
		{0A370502-BA0C-44C9-9970-A913EAC96DA3}.Release|ARM.Deploy.0 = Release|ARM
		{0A370502-BA0C-44C9-9970-A913EAC96DA3}.Release|x64.ActiveCfg = Release|x64
		{0A370502-BA0C-44C9-9970-A913EAC96DA3}.Release|x64.Build.0 = Release|x64
		{0A370502-BA0C-44C9-9970-A913EAC96DA3}.Release|x64.Deploy.0 = Release|x64
		{0A370502-BA0C-44C9-9970-A913EAC96DA3}.Release|x86.ActiveCfg = Release|x86
		{0A370502-BA0C-44C9-9970-A913EAC96DA3}.Release|x86.Build.0 = Release|x86
		{0A370502-BA0C-44C9-9970-A913EAC96DA3}.Release|x86.Deploy.0 = Release|x86
	EndGlobalSection
	GlobalSection(SolutionProperties) = preSolution
		HideSolutionNode = FALSE
	EndGlobalSection
	GlobalSection(ExtensibilityGlobals) = postSolution
		SolutionGuid = {9DA7C96F-5BD6-4235-91B4-E0D0DA6E220F}
	EndGlobalSection
EndGlobal
