
Microsoft Visual Studio Solution File, Format Version 12.00
# Visual Studio 15
VisualStudioVersion = 15.0.27703.2018
MinimumVisualStudioVersion = 10.0.40219.1
Project("{FAE04EC0-301F-11D3-BF4B-00C04F79EFBC}") = "test5.c", "test5.c\test5.c.csproj", "{415E0110-FCB0-4635-A5A6-7C2372C44F9A}"
EndProject
Global
	GlobalSection(SolutionConfigurationPlatforms) = preSolution
		Debug|Any CPU = Debug|Any CPU
		Release|Any CPU = Release|Any CPU
	EndGlobalSection
	GlobalSection(ProjectConfigurationPlatforms) = postSolution
		{415E0110-FCB0-4635-A5A6-7C2372C44F9A}.Debug|Any CPU.ActiveCfg = Debug|Any CPU
		{415E0110-FCB0-4635-A5A6-7C2372C44F9A}.Debug|Any CPU.Build.0 = Debug|Any CPU
		{415E0110-FCB0-4635-A5A6-7C2372C44F9A}.Release|Any CPU.ActiveCfg = Release|Any CPU
		{415E0110-FCB0-4635-A5A6-7C2372C44F9A}.Release|Any CPU.Build.0 = Release|Any CPU
	EndGlobalSection
	GlobalSection(SolutionProperties) = preSolution
		HideSolutionNode = FALSE
	EndGlobalSection
	GlobalSection(ExtensibilityGlobals) = postSolution
		SolutionGuid = {8BDEAF95-E8EA-4C52-B8F1-94B8CB4D0329}
	EndGlobalSection
EndGlobal
