
Microsoft Visual Studio Solution File, Format Version 12.00
# Visual Studio 15
VisualStudioVersion = 15.0.27703.2042
MinimumVisualStudioVersion = 10.0.40219.1
Project("{FAE04EC0-301F-11D3-BF4B-00C04F79EFBC}") = "上下文菜单", "上下文菜单\上下文菜单.csproj", "{01BEA448-847C-4B2A-B721-028A16C4AEAB}"
EndProject
Global
	GlobalSection(SolutionConfigurationPlatforms) = preSolution
		Debug|Any CPU = Debug|Any CPU
		Release|Any CPU = Release|Any CPU
	EndGlobalSection
	GlobalSection(ProjectConfigurationPlatforms) = postSolution
		{01BEA448-847C-4B2A-B721-028A16C4AEAB}.Debug|Any CPU.ActiveCfg = Debug|Any CPU
		{01BEA448-847C-4B2A-B721-028A16C4AEAB}.Debug|Any CPU.Build.0 = Debug|Any CPU
		{01BEA448-847C-4B2A-B721-028A16C4AEAB}.Release|Any CPU.ActiveCfg = Release|Any CPU
		{01BEA448-847C-4B2A-B721-028A16C4AEAB}.Release|Any CPU.Build.0 = Release|Any CPU
	EndGlobalSection
	GlobalSection(SolutionProperties) = preSolution
		HideSolutionNode = FALSE
	EndGlobalSection
	GlobalSection(ExtensibilityGlobals) = postSolution
		SolutionGuid = {CD0DB01A-B3D7-4934-B8EB-1D121E7AE792}
	EndGlobalSection
EndGlobal
