
Microsoft Visual Studio Solution File, Format Version 12.00
# Visual Studio 15
VisualStudioVersion = 15.0.27703.2042
MinimumVisualStudioVersion = 10.0.40219.1
Project("{FAE04EC0-301F-11D3-BF4B-00C04F79EFBC}") = "cmd重定向输入输出", "cmd重定向输入输出\cmd重定向输入输出.csproj", "{3F4BFEAF-9415-4506-9D82-279F149357D7}"
EndProject
Global
	GlobalSection(SolutionConfigurationPlatforms) = preSolution
		Debug|Any CPU = Debug|Any CPU
		Release|Any CPU = Release|Any CPU
	EndGlobalSection
	GlobalSection(ProjectConfigurationPlatforms) = postSolution
		{3F4BFEAF-9415-4506-9D82-279F149357D7}.Debug|Any CPU.ActiveCfg = Debug|Any CPU
		{3F4BFEAF-9415-4506-9D82-279F149357D7}.Debug|Any CPU.Build.0 = Debug|Any CPU
		{3F4BFEAF-9415-4506-9D82-279F149357D7}.Release|Any CPU.ActiveCfg = Release|Any CPU
		{3F4BFEAF-9415-4506-9D82-279F149357D7}.Release|Any CPU.Build.0 = Release|Any CPU
	EndGlobalSection
	GlobalSection(SolutionProperties) = preSolution
		HideSolutionNode = FALSE
	EndGlobalSection
	GlobalSection(ExtensibilityGlobals) = postSolution
		SolutionGuid = {28283B03-444F-4DD5-82B7-741B170E093B}
	EndGlobalSection
EndGlobal
