
Microsoft Visual Studio Solution File, Format Version 12.00
# Visual Studio 15
VisualStudioVersion = 15.0.27703.2018
MinimumVisualStudioVersion = 10.0.40219.1
Project("{FAE04EC0-301F-11D3-BF4B-00C04F79EFBC}") = "获取键盘输入", "获取键盘输入\获取键盘输入.csproj", "{2F58A96F-AF35-46F4-B523-F5DD410A135B}"
EndProject
Global
	GlobalSection(SolutionConfigurationPlatforms) = preSolution
		Debug|Any CPU = Debug|Any CPU
		Release|Any CPU = Release|Any CPU
	EndGlobalSection
	GlobalSection(ProjectConfigurationPlatforms) = postSolution
		{2F58A96F-AF35-46F4-B523-F5DD410A135B}.Debug|Any CPU.ActiveCfg = Debug|Any CPU
		{2F58A96F-AF35-46F4-B523-F5DD410A135B}.Debug|Any CPU.Build.0 = Debug|Any CPU
		{2F58A96F-AF35-46F4-B523-F5DD410A135B}.Release|Any CPU.ActiveCfg = Release|Any CPU
		{2F58A96F-AF35-46F4-B523-F5DD410A135B}.Release|Any CPU.Build.0 = Release|Any CPU
	EndGlobalSection
	GlobalSection(SolutionProperties) = preSolution
		HideSolutionNode = FALSE
	EndGlobalSection
	GlobalSection(ExtensibilityGlobals) = postSolution
		SolutionGuid = {889AD87A-B120-468D-9416-DC1770A64A2B}
	EndGlobalSection
EndGlobal
