
Microsoft Visual Studio Solution File, Format Version 12.00
# Visual Studio 15
VisualStudioVersion = 15.0.27703.2018
MinimumVisualStudioVersion = 10.0.40219.1
Project("{FAE04EC0-301F-11D3-BF4B-00C04F79EFBC}") = "LINQ语句", "LINQ语句\LINQ语句.csproj", "{5C04771A-C97B-4252-8526-A53CDCD84D8F}"
EndProject
Global
	GlobalSection(SolutionConfigurationPlatforms) = preSolution
		Debug|Any CPU = Debug|Any CPU
		Release|Any CPU = Release|Any CPU
	EndGlobalSection
	GlobalSection(ProjectConfigurationPlatforms) = postSolution
		{5C04771A-C97B-4252-8526-A53CDCD84D8F}.Debug|Any CPU.ActiveCfg = Debug|Any CPU
		{5C04771A-C97B-4252-8526-A53CDCD84D8F}.Debug|Any CPU.Build.0 = Debug|Any CPU
		{5C04771A-C97B-4252-8526-A53CDCD84D8F}.Release|Any CPU.ActiveCfg = Release|Any CPU
		{5C04771A-C97B-4252-8526-A53CDCD84D8F}.Release|Any CPU.Build.0 = Release|Any CPU
	EndGlobalSection
	GlobalSection(SolutionProperties) = preSolution
		HideSolutionNode = FALSE
	EndGlobalSection
	GlobalSection(ExtensibilityGlobals) = postSolution
		SolutionGuid = {41F93477-0CE6-4527-A207-381F1FD8B9A4}
	EndGlobalSection
EndGlobal
