
Microsoft Visual Studio Solution File, Format Version 12.00
# Visual Studio 15
VisualStudioVersion = 15.0.27703.2042
MinimumVisualStudioVersion = 10.0.40219.1
Project("{FAE04EC0-301F-11D3-BF4B-00C04F79EFBC}") = "自定义承载控件", "自定义承载控件\自定义承载控件.csproj", "{3B78D847-8BB8-425E-A831-B7EB54C24B50}"
EndProject
Global
	GlobalSection(SolutionConfigurationPlatforms) = preSolution
		Debug|Any CPU = Debug|Any CPU
		Release|Any CPU = Release|Any CPU
	EndGlobalSection
	GlobalSection(ProjectConfigurationPlatforms) = postSolution
		{3B78D847-8BB8-425E-A831-B7EB54C24B50}.Debug|Any CPU.ActiveCfg = Debug|Any CPU
		{3B78D847-8BB8-425E-A831-B7EB54C24B50}.Debug|Any CPU.Build.0 = Debug|Any CPU
		{3B78D847-8BB8-425E-A831-B7EB54C24B50}.Release|Any CPU.ActiveCfg = Release|Any CPU
		{3B78D847-8BB8-425E-A831-B7EB54C24B50}.Release|Any CPU.Build.0 = Release|Any CPU
	EndGlobalSection
	GlobalSection(SolutionProperties) = preSolution
		HideSolutionNode = FALSE
	EndGlobalSection
	GlobalSection(ExtensibilityGlobals) = postSolution
		SolutionGuid = {78B3BDC2-0D35-4BC0-AFBE-0DA2B4615333}
	EndGlobalSection
EndGlobal
