
Microsoft Visual Studio Solution File, Format Version 12.00
# Visual Studio 15
VisualStudioVersion = 15.0.27703.2042
MinimumVisualStudioVersion = 10.0.40219.1
Project("{FAE04EC0-301F-11D3-BF4B-00C04F79EFBC}") = "工具栏", "工具栏\工具栏.csproj", "{2EF78A0E-CD80-4C45-8EDB-F28843465405}"
EndProject
Global
	GlobalSection(SolutionConfigurationPlatforms) = preSolution
		Debug|Any CPU = Debug|Any CPU
		Release|Any CPU = Release|Any CPU
	EndGlobalSection
	GlobalSection(ProjectConfigurationPlatforms) = postSolution
		{2EF78A0E-CD80-4C45-8EDB-F28843465405}.Debug|Any CPU.ActiveCfg = Debug|Any CPU
		{2EF78A0E-CD80-4C45-8EDB-F28843465405}.Debug|Any CPU.Build.0 = Debug|Any CPU
		{2EF78A0E-CD80-4C45-8EDB-F28843465405}.Release|Any CPU.ActiveCfg = Release|Any CPU
		{2EF78A0E-CD80-4C45-8EDB-F28843465405}.Release|Any CPU.Build.0 = Release|Any CPU
	EndGlobalSection
	GlobalSection(SolutionProperties) = preSolution
		HideSolutionNode = FALSE
	EndGlobalSection
	GlobalSection(ExtensibilityGlobals) = postSolution
		SolutionGuid = {FD2E80C4-64A3-434F-AB66-CCD13ED5F94B}
	EndGlobalSection
EndGlobal
