
Microsoft Visual Studio Solution File, Format Version 12.00
# Visual Studio 15
VisualStudioVersion = 15.0.27703.2042
MinimumVisualStudioVersion = 10.0.40219.1
Project("{FAE04EC0-301F-11D3-BF4B-00C04F79EFBC}") = "了解wpf结构", "了解wpf结构\了解wpf结构.csproj", "{B21B393E-4532-4345-B959-2A7B70703995}"
EndProject
Global
	GlobalSection(SolutionConfigurationPlatforms) = preSolution
		Debug|Any CPU = Debug|Any CPU
		Release|Any CPU = Release|Any CPU
	EndGlobalSection
	GlobalSection(ProjectConfigurationPlatforms) = postSolution
		{B21B393E-4532-4345-B959-2A7B70703995}.Debug|Any CPU.ActiveCfg = Debug|Any CPU
		{B21B393E-4532-4345-B959-2A7B70703995}.Debug|Any CPU.Build.0 = Debug|Any CPU
		{B21B393E-4532-4345-B959-2A7B70703995}.Release|Any CPU.ActiveCfg = Release|Any CPU
		{B21B393E-4532-4345-B959-2A7B70703995}.Release|Any CPU.Build.0 = Release|Any CPU
	EndGlobalSection
	GlobalSection(SolutionProperties) = preSolution
		HideSolutionNode = FALSE
	EndGlobalSection
	GlobalSection(ExtensibilityGlobals) = postSolution
		SolutionGuid = {CFFACDD2-F6D3-42B5-B43F-B07E582B7E79}
	EndGlobalSection
EndGlobal
