
Microsoft Visual Studio Solution File, Format Version 12.00
# Visual Studio 15
VisualStudioVersion = 15.0.27703.2042
MinimumVisualStudioVersion = 10.0.40219.1
Project("{FAE04EC0-301F-11D3-BF4B-00C04F79EFBC}") = "Thread类", "Thread类\Thread类.csproj", "{DB85FD82-E5F0-4342-ABCC-57F62FF8D38D}"
EndProject
Global
	GlobalSection(SolutionConfigurationPlatforms) = preSolution
		Debug|Any CPU = Debug|Any CPU
		Release|Any CPU = Release|Any CPU
	EndGlobalSection
	GlobalSection(ProjectConfigurationPlatforms) = postSolution
		{DB85FD82-E5F0-4342-ABCC-57F62FF8D38D}.Debug|Any CPU.ActiveCfg = Debug|Any CPU
		{DB85FD82-E5F0-4342-ABCC-57F62FF8D38D}.Debug|Any CPU.Build.0 = Debug|Any CPU
		{DB85FD82-E5F0-4342-ABCC-57F62FF8D38D}.Release|Any CPU.ActiveCfg = Release|Any CPU
		{DB85FD82-E5F0-4342-ABCC-57F62FF8D38D}.Release|Any CPU.Build.0 = Release|Any CPU
	EndGlobalSection
	GlobalSection(SolutionProperties) = preSolution
		HideSolutionNode = FALSE
	EndGlobalSection
	GlobalSection(ExtensibilityGlobals) = postSolution
		SolutionGuid = {4BCEF9E3-02E8-4FD5-AEE8-355D58DF4751}
	EndGlobalSection
EndGlobal
