
Microsoft Visual Studio Solution File, Format Version 12.00
# Visual Studio 15
VisualStudioVersion = 15.0.27703.2042
MinimumVisualStudioVersion = 10.0.40219.1
Project("{FAE04EC0-301F-11D3-BF4B-00C04F79EFBC}") = "Listview", "Listview\Listview.csproj", "{4BDD44F5-CDCB-47FE-8E31-A67AD42F5FDA}"
EndProject
Global
	GlobalSection(SolutionConfigurationPlatforms) = preSolution
		Debug|Any CPU = Debug|Any CPU
		Release|Any CPU = Release|Any CPU
	EndGlobalSection
	GlobalSection(ProjectConfigurationPlatforms) = postSolution
		{4BDD44F5-CDCB-47FE-8E31-A67AD42F5FDA}.Debug|Any CPU.ActiveCfg = Debug|Any CPU
		{4BDD44F5-CDCB-47FE-8E31-A67AD42F5FDA}.Debug|Any CPU.Build.0 = Debug|Any CPU
		{4BDD44F5-CDCB-47FE-8E31-A67AD42F5FDA}.Release|Any CPU.ActiveCfg = Release|Any CPU
		{4BDD44F5-CDCB-47FE-8E31-A67AD42F5FDA}.Release|Any CPU.Build.0 = Release|Any CPU
	EndGlobalSection
	GlobalSection(SolutionProperties) = preSolution
		HideSolutionNode = FALSE
	EndGlobalSection
	GlobalSection(ExtensibilityGlobals) = postSolution
		SolutionGuid = {363DE31B-3A91-4616-BFF6-F1778FF36DFA}
	EndGlobalSection
EndGlobal
