
Microsoft Visual Studio Solution File, Format Version 12.00
# Visual Studio 15
VisualStudioVersion = 15.0.27703.2042
MinimumVisualStudioVersion = 10.0.40219.1
Project("{FAE04EC0-301F-11D3-BF4B-00C04F79EFBC}") = "实时报告进度", "实时报告进度\实时报告进度.csproj", "{05097FC3-0C62-4240-B9BE-E4D3C47DCF68}"
EndProject
Global
	GlobalSection(SolutionConfigurationPlatforms) = preSolution
		Debug|Any CPU = Debug|Any CPU
		Release|Any CPU = Release|Any CPU
	EndGlobalSection
	GlobalSection(ProjectConfigurationPlatforms) = postSolution
		{05097FC3-0C62-4240-B9BE-E4D3C47DCF68}.Debug|Any CPU.ActiveCfg = Debug|Any CPU
		{05097FC3-0C62-4240-B9BE-E4D3C47DCF68}.Debug|Any CPU.Build.0 = Debug|Any CPU
		{05097FC3-0C62-4240-B9BE-E4D3C47DCF68}.Release|Any CPU.ActiveCfg = Release|Any CPU
		{05097FC3-0C62-4240-B9BE-E4D3C47DCF68}.Release|Any CPU.Build.0 = Release|Any CPU
	EndGlobalSection
	GlobalSection(SolutionProperties) = preSolution
		HideSolutionNode = FALSE
	EndGlobalSection
	GlobalSection(ExtensibilityGlobals) = postSolution
		SolutionGuid = {931A684D-14CD-4E68-9240-2ECA824F492F}
	EndGlobalSection
EndGlobal
