
Microsoft Visual Studio Solution File, Format Version 12.00
# Visual Studio 15
VisualStudioVersion = 15.0.27703.2042
MinimumVisualStudioVersion = 10.0.40219.1
Project("{FAE04EC0-301F-11D3-BF4B-00C04F79EFBC}") = "WpfApp1", "WpfApp1\WpfApp1.csproj", "{D8EECC51-4ADC-43F8-9D61-6674C9EFCFF7}"
EndProject
Global
	GlobalSection(SolutionConfigurationPlatforms) = preSolution
		Debug|Any CPU = Debug|Any CPU
		Release|Any CPU = Release|Any CPU
	EndGlobalSection
	GlobalSection(ProjectConfigurationPlatforms) = postSolution
		{D8EECC51-4ADC-43F8-9D61-6674C9EFCFF7}.Debug|Any CPU.ActiveCfg = Debug|Any CPU
		{D8EECC51-4ADC-43F8-9D61-6674C9EFCFF7}.Debug|Any CPU.Build.0 = Debug|Any CPU
		{D8EECC51-4ADC-43F8-9D61-6674C9EFCFF7}.Release|Any CPU.ActiveCfg = Release|Any CPU
		{D8EECC51-4ADC-43F8-9D61-6674C9EFCFF7}.Release|Any CPU.Build.0 = Release|Any CPU
	EndGlobalSection
	GlobalSection(SolutionProperties) = preSolution
		HideSolutionNode = FALSE
	EndGlobalSection
	GlobalSection(ExtensibilityGlobals) = postSolution
		SolutionGuid = {FC0C4280-93F2-426C-971E-8EE9E780B7B5}
	EndGlobalSection
EndGlobal
