
Microsoft Visual Studio Solution File, Format Version 12.00
# Visual Studio 15
VisualStudioVersion = 15.0.27703.2042
MinimumVisualStudioVersion = 10.0.40219.1
Project("{FAE04EC0-301F-11D3-BF4B-00C04F79EFBC}") = "异步加载图片", "异步加载图片\异步加载图片.csproj", "{ADC111BE-B3C7-49C3-AC20-D05C99B52443}"
EndProject
Global
	GlobalSection(SolutionConfigurationPlatforms) = preSolution
		Debug|Any CPU = Debug|Any CPU
		Release|Any CPU = Release|Any CPU
	EndGlobalSection
	GlobalSection(ProjectConfigurationPlatforms) = postSolution
		{ADC111BE-B3C7-49C3-AC20-D05C99B52443}.Debug|Any CPU.ActiveCfg = Debug|Any CPU
		{ADC111BE-B3C7-49C3-AC20-D05C99B52443}.Debug|Any CPU.Build.0 = Debug|Any CPU
		{ADC111BE-B3C7-49C3-AC20-D05C99B52443}.Release|Any CPU.ActiveCfg = Release|Any CPU
		{ADC111BE-B3C7-49C3-AC20-D05C99B52443}.Release|Any CPU.Build.0 = Release|Any CPU
	EndGlobalSection
	GlobalSection(SolutionProperties) = preSolution
		HideSolutionNode = FALSE
	EndGlobalSection
	GlobalSection(ExtensibilityGlobals) = postSolution
		SolutionGuid = {B8D05792-97AC-4816-81FA-2C0461C706C2}
	EndGlobalSection
EndGlobal
