
Microsoft Visual Studio Solution File, Format Version 12.00
# Visual Studio 15
VisualStudioVersion = 15.0.27703.2042
MinimumVisualStudioVersion = 10.0.40219.1
Project("{FAE04EC0-301F-11D3-BF4B-00C04F79EFBC}") = "线程锁wpf", "线程锁wpf\线程锁wpf.csproj", "{7C4CD437-7D90-4872-8F83-E1F83416489A}"
EndProject
Global
	GlobalSection(SolutionConfigurationPlatforms) = preSolution
		Debug|Any CPU = Debug|Any CPU
		Release|Any CPU = Release|Any CPU
	EndGlobalSection
	GlobalSection(ProjectConfigurationPlatforms) = postSolution
		{7C4CD437-7D90-4872-8F83-E1F83416489A}.Debug|Any CPU.ActiveCfg = Debug|Any CPU
		{7C4CD437-7D90-4872-8F83-E1F83416489A}.Debug|Any CPU.Build.0 = Debug|Any CPU
		{7C4CD437-7D90-4872-8F83-E1F83416489A}.Release|Any CPU.ActiveCfg = Release|Any CPU
		{7C4CD437-7D90-4872-8F83-E1F83416489A}.Release|Any CPU.Build.0 = Release|Any CPU
	EndGlobalSection
	GlobalSection(SolutionProperties) = preSolution
		HideSolutionNode = FALSE
	EndGlobalSection
	GlobalSection(ExtensibilityGlobals) = postSolution
		SolutionGuid = {1C92D97D-C5A3-498E-A139-44E5E8B719C6}
	EndGlobalSection
EndGlobal
