
Microsoft Visual Studio Solution File, Format Version 12.00
# Visual Studio 15
VisualStudioVersion = 15.0.27703.2042
MinimumVisualStudioVersion = 10.0.40219.1
Project("{FAE04EC0-301F-11D3-BF4B-00C04F79EFBC}") = "并行任务", "并行任务\并行任务.csproj", "{AA86EC20-CD0C-4A0D-8624-DE76A94328F2}"
EndProject
Global
	GlobalSection(SolutionConfigurationPlatforms) = preSolution
		Debug|Any CPU = Debug|Any CPU
		Release|Any CPU = Release|Any CPU
	EndGlobalSection
	GlobalSection(ProjectConfigurationPlatforms) = postSolution
		{AA86EC20-CD0C-4A0D-8624-DE76A94328F2}.Debug|Any CPU.ActiveCfg = Debug|Any CPU
		{AA86EC20-CD0C-4A0D-8624-DE76A94328F2}.Debug|Any CPU.Build.0 = Debug|Any CPU
		{AA86EC20-CD0C-4A0D-8624-DE76A94328F2}.Release|Any CPU.ActiveCfg = Release|Any CPU
		{AA86EC20-CD0C-4A0D-8624-DE76A94328F2}.Release|Any CPU.Build.0 = Release|Any CPU
	EndGlobalSection
	GlobalSection(SolutionProperties) = preSolution
		HideSolutionNode = FALSE
	EndGlobalSection
	GlobalSection(ExtensibilityGlobals) = postSolution
		SolutionGuid = {D2E53D0B-80D1-4A7F-A8C9-6FB079AAC6CA}
	EndGlobalSection
EndGlobal
