
Microsoft Visual Studio Solution File, Format Version 12.00
# Visual Studio 15
VisualStudioVersion = 15.0.27703.2018
MinimumVisualStudioVersion = 10.0.40219.1
Project("{FAE04EC0-301F-11D3-BF4B-00C04F79EFBC}") = "随机", "随机\随机.csproj", "{C0EB0A5D-6415-48F0-AEB6-FE082B7BBBF6}"
EndProject
Global
	GlobalSection(SolutionConfigurationPlatforms) = preSolution
		Debug|Any CPU = Debug|Any CPU
		Release|Any CPU = Release|Any CPU
	EndGlobalSection
	GlobalSection(ProjectConfigurationPlatforms) = postSolution
		{C0EB0A5D-6415-48F0-AEB6-FE082B7BBBF6}.Debug|Any CPU.ActiveCfg = Debug|Any CPU
		{C0EB0A5D-6415-48F0-AEB6-FE082B7BBBF6}.Debug|Any CPU.Build.0 = Debug|Any CPU
		{C0EB0A5D-6415-48F0-AEB6-FE082B7BBBF6}.Release|Any CPU.ActiveCfg = Release|Any CPU
		{C0EB0A5D-6415-48F0-AEB6-FE082B7BBBF6}.Release|Any CPU.Build.0 = Release|Any CPU
	EndGlobalSection
	GlobalSection(SolutionProperties) = preSolution
		HideSolutionNode = FALSE
	EndGlobalSection
	GlobalSection(ExtensibilityGlobals) = postSolution
		SolutionGuid = {76D3F59F-8FA3-4994-A029-F7CC036D39F1}
	EndGlobalSection
EndGlobal
