
Microsoft Visual Studio Solution File, Format Version 12.00
# Visual Studio 15
VisualStudioVersion = 15.0.27703.2042
MinimumVisualStudioVersion = 10.0.40219.1
Project("{FAE04EC0-301F-11D3-BF4B-00C04F79EFBC}") = "自定义控件", "自定义控件\自定义控件.csproj", "{12C9C935-2C7B-4511-A4E0-CC83D9357E13}"
EndProject
Global
	GlobalSection(SolutionConfigurationPlatforms) = preSolution
		Debug|Any CPU = Debug|Any CPU
		Release|Any CPU = Release|Any CPU
	EndGlobalSection
	GlobalSection(ProjectConfigurationPlatforms) = postSolution
		{12C9C935-2C7B-4511-A4E0-CC83D9357E13}.Debug|Any CPU.ActiveCfg = Debug|Any CPU
		{12C9C935-2C7B-4511-A4E0-CC83D9357E13}.Debug|Any CPU.Build.0 = Debug|Any CPU
		{12C9C935-2C7B-4511-A4E0-CC83D9357E13}.Release|Any CPU.ActiveCfg = Release|Any CPU
		{12C9C935-2C7B-4511-A4E0-CC83D9357E13}.Release|Any CPU.Build.0 = Release|Any CPU
	EndGlobalSection
	GlobalSection(SolutionProperties) = preSolution
		HideSolutionNode = FALSE
	EndGlobalSection
	GlobalSection(ExtensibilityGlobals) = postSolution
		SolutionGuid = {28C42460-D2DA-4B84-9CD7-B5E5BB5D5F54}
	EndGlobalSection
EndGlobal
